
Microsoft Visual Studio Solution File, Format Version 12.00
# Visual Studio Version 16
VisualStudioVersion = 16.0.34031.81
MinimumVisualStudioVersion = 10.0.40219.1
Project("{FAE04EC0-301F-11D3-BF4B-00C04F79EFBC}") = "StoreApp_EF", "StoreApp_EF.csproj", "{E40E3CF1-C995-4299-A18F-190CD6FF0B86}"
EndProject
Project("{FAE04EC0-301F-11D3-BF4B-00C04F79EFBC}") = "DataAccessLayer", "DataAccessLayer\DataAccessLayer.csproj", "{BCFA397B-C984-4CCC-89F8-948F34C3B32C}"
EndProject
Project("{FAE04EC0-301F-11D3-BF4B-00C04F79EFBC}") = "StoreService", "StoreService\StoreService.csproj", "{2B1C05FB-15FA-4745-9411-C630AA4CF206}"
EndProject
Project("{FAE04EC0-301F-11D3-BF4B-00C04F79EFBC}") = "StoreApp(DB)", "..\StoreApp(DB)\StoreApp(DB).csproj", "{F509D5FB-1E9D-47E5-BC64-82E08DF2A612}"
EndProject
Project("{FAE04EC0-301F-11D3-BF4B-00C04F79EFBC}") = "ModelsDAL", "ModelsDAL\ModelsDAL.csproj", "{7F206249-322F-45C6-A4D7-8DA85CB2BC09}"
EndProject
Project("{FAE04EC0-301F-11D3-BF4B-00C04F79EFBC}") = "ModelsDTO", "ModelsDTO\ModelsDTO.csproj", "{532804FF-06BE-4DFA-91C4-5958AD1F03DD}"
EndProject
Global
	GlobalSection(SolutionConfigurationPlatforms) = preSolution
		Debug|Any CPU = Debug|Any CPU
		Release|Any CPU = Release|Any CPU
	EndGlobalSection
	GlobalSection(ProjectConfigurationPlatforms) = postSolution
		{E40E3CF1-C995-4299-A18F-190CD6FF0B86}.Debug|Any CPU.ActiveCfg = Debug|Any CPU
		{E40E3CF1-C995-4299-A18F-190CD6FF0B86}.Debug|Any CPU.Build.0 = Debug|Any CPU
		{E40E3CF1-C995-4299-A18F-190CD6FF0B86}.Release|Any CPU.ActiveCfg = Release|Any CPU
		{E40E3CF1-C995-4299-A18F-190CD6FF0B86}.Release|Any CPU.Build.0 = Release|Any CPU
		{BCFA397B-C984-4CCC-89F8-948F34C3B32C}.Debug|Any CPU.ActiveCfg = Debug|Any CPU
		{BCFA397B-C984-4CCC-89F8-948F34C3B32C}.Debug|Any CPU.Build.0 = Debug|Any CPU
		{BCFA397B-C984-4CCC-89F8-948F34C3B32C}.Release|Any CPU.ActiveCfg = Release|Any CPU
		{BCFA397B-C984-4CCC-89F8-948F34C3B32C}.Release|Any CPU.Build.0 = Release|Any CPU
		{2B1C05FB-15FA-4745-9411-C630AA4CF206}.Debug|Any CPU.ActiveCfg = Debug|Any CPU
		{2B1C05FB-15FA-4745-9411-C630AA4CF206}.Debug|Any CPU.Build.0 = Debug|Any CPU
		{2B1C05FB-15FA-4745-9411-C630AA4CF206}.Release|Any CPU.ActiveCfg = Release|Any CPU
		{2B1C05FB-15FA-4745-9411-C630AA4CF206}.Release|Any CPU.Build.0 = Release|Any CPU
		{F509D5FB-1E9D-47E5-BC64-82E08DF2A612}.Debug|Any CPU.ActiveCfg = Debug|Any CPU
		{F509D5FB-1E9D-47E5-BC64-82E08DF2A612}.Debug|Any CPU.Build.0 = Debug|Any CPU
		{F509D5FB-1E9D-47E5-BC64-82E08DF2A612}.Release|Any CPU.ActiveCfg = Release|Any CPU
		{F509D5FB-1E9D-47E5-BC64-82E08DF2A612}.Release|Any CPU.Build.0 = Release|Any CPU
		{7F206249-322F-45C6-A4D7-8DA85CB2BC09}.Debug|Any CPU.ActiveCfg = Debug|Any CPU
		{7F206249-322F-45C6-A4D7-8DA85CB2BC09}.Debug|Any CPU.Build.0 = Debug|Any CPU
		{7F206249-322F-45C6-A4D7-8DA85CB2BC09}.Release|Any CPU.ActiveCfg = Release|Any CPU
		{7F206249-322F-45C6-A4D7-8DA85CB2BC09}.Release|Any CPU.Build.0 = Release|Any CPU
		{532804FF-06BE-4DFA-91C4-5958AD1F03DD}.Debug|Any CPU.ActiveCfg = Debug|Any CPU
		{532804FF-06BE-4DFA-91C4-5958AD1F03DD}.Debug|Any CPU.Build.0 = Debug|Any CPU
		{532804FF-06BE-4DFA-91C4-5958AD1F03DD}.Release|Any CPU.ActiveCfg = Release|Any CPU
		{532804FF-06BE-4DFA-91C4-5958AD1F03DD}.Release|Any CPU.Build.0 = Release|Any CPU
	EndGlobalSection
	GlobalSection(SolutionProperties) = preSolution
		HideSolutionNode = FALSE
	EndGlobalSection
	GlobalSection(ExtensibilityGlobals) = postSolution
		SolutionGuid = {6A60B0FC-C591-4B4D-B7FA-38292F6504F5}
	EndGlobalSection
EndGlobal
